
Microsoft Visual Studio Solution File, Format Version 12.00
# Visual Studio Version 17
VisualStudioVersion = 17.5.002.0
MinimumVisualStudioVersion = 10.0.40219.1
Project("{9A19103F-16F7-4668-BE54-9A1E7A4F7556}") = "STEM-Capstone-Drone", "STEM-Capstone-Drone.csproj", "{D5A2E6D7-7759-45FC-85F2-84167AB06C18}"
EndProject
Global
	GlobalSection(SolutionConfigurationPlatforms) = preSolution
		Debug|Any CPU = Debug|Any CPU
		Release|Any CPU = Release|Any CPU
	EndGlobalSection
	GlobalSection(ProjectConfigurationPlatforms) = postSolution
		{D5A2E6D7-7759-45FC-85F2-84167AB06C18}.Debug|Any CPU.ActiveCfg = Debug|Any CPU
		{D5A2E6D7-7759-45FC-85F2-84167AB06C18}.Debug|Any CPU.Build.0 = Debug|Any CPU
		{D5A2E6D7-7759-45FC-85F2-84167AB06C18}.Release|Any CPU.ActiveCfg = Release|Any CPU
		{D5A2E6D7-7759-45FC-85F2-84167AB06C18}.Release|Any CPU.Build.0 = Release|Any CPU
	EndGlobalSection
	GlobalSection(SolutionProperties) = preSolution
		HideSolutionNode = FALSE
	EndGlobalSection
	GlobalSection(ExtensibilityGlobals) = postSolution
		SolutionGuid = {0D7E0D65-5867-4857-A967-B9250E6DB753}
	EndGlobalSection
EndGlobal
